
Microsoft Visual Studio Solution File, Format Version 12.00
# Visual Studio Version 17
VisualStudioVersion = 17.11.35327.3
MinimumVisualStudioVersion = 10.0.40219.1
Project("{FAE04EC0-301F-11D3-BF4B-00C04F79EFBC}") = "asignment 1.3.1", "asignment 1.3.1.csproj", "{DC9AD617-C19C-4B9B-8784-B9017F570413}"
EndProject
Global
	GlobalSection(SolutionConfigurationPlatforms) = preSolution
		Debug|Any CPU = Debug|Any CPU
		Release|Any CPU = Release|Any CPU
	EndGlobalSection
	GlobalSection(ProjectConfigurationPlatforms) = postSolution
		{DC9AD617-C19C-4B9B-8784-B9017F570413}.Debug|Any CPU.ActiveCfg = Debug|Any CPU
		{DC9AD617-C19C-4B9B-8784-B9017F570413}.Debug|Any CPU.Build.0 = Debug|Any CPU
		{DC9AD617-C19C-4B9B-8784-B9017F570413}.Release|Any CPU.ActiveCfg = Release|Any CPU
		{DC9AD617-C19C-4B9B-8784-B9017F570413}.Release|Any CPU.Build.0 = Release|Any CPU
	EndGlobalSection
	GlobalSection(SolutionProperties) = preSolution
		HideSolutionNode = FALSE
	EndGlobalSection
	GlobalSection(ExtensibilityGlobals) = postSolution
		SolutionGuid = {876983EB-F397-4B03-9D07-C6C46188D2A7}
	EndGlobalSection
EndGlobal
